{
  "requires": true,
  "lockfileVersion": 1,
  "dependencies": {
    "array-difference": {
      "version": "0.0.1",
      "resolved": "https://registry.npmjs.org/array-difference/-/array-difference-0.0.1.tgz",
      "integrity": "sha1-x8r9m1SzXrgvcue6MZ6Tij/TKwc="
    },
    "big-integer": {
      "version": "1.6.25",
      "resolved": "https://registry.npmjs.org/big-integer/-/big-integer-1.6.25.tgz",
      "integrity": "sha1-HeRan1dUKsIBIcaC+NZCIgo06CM="
    },
    "bucketjs": {
      "version": "0.3.2",
      "resolved": "https://registry.npmjs.org/bucketjs/-/bucketjs-0.3.2.tgz",
      "integrity": "sha1-UrRjwe+pZahAXW8pRsQxYsSqRno="
    },
    "buckets-js": {
      "version": "1.98.2",
      "resolved": "https://registry.npmjs.org/buckets-js/-/buckets-js-1.98.2.tgz",
      "integrity": "sha1-LPk2/ebQ3cJi2Jh/2hJWOZYafHM="
    },
    "cmb": {
      "version": "0.1.3",
      "resolved": "https://registry.npmjs.org/cmb/-/cmb-0.1.3.tgz",
      "integrity": "sha1-N19PPmrf13HtsHXhqFQFg3UzJmg="
    },
    "double-ended-queue": {
      "version": "2.1.0-0",
      "resolved": "https://registry.npmjs.org/double-ended-queue/-/double-ended-queue-2.1.0-0.tgz",
      "integrity": "sha1-ED01J/0xUo9AGIEwyEHv3XgmTlw="
    },
    "generatorics": {
      "version": "1.1.0",
      "resolved": "https://registry.npmjs.org/generatorics/-/generatorics-1.1.0.tgz",
      "integrity": "sha1-aVBgu42IuQmzAXGlyz1CR2hmETg="
    },
    "lodash": {
      "version": "4.17.4",
      "resolved": "https://registry.npmjs.org/lodash/-/lodash-4.17.4.tgz",
      "integrity": "sha1-eCA6TRwyiuHYbcpkYONptX9AVa4="
    },
    "numbers": {
      "version": "0.6.0",
      "resolved": "https://registry.npmjs.org/numbers/-/numbers-0.6.0.tgz",
      "integrity": "sha1-/UrymOdItH1hcwWpEzpMEwK42a8="
    },
    "rxjs": {
      "version": "5.4.3",
      "resolved": "https://registry.npmjs.org/rxjs/-/rxjs-5.4.3.tgz",
      "integrity": "sha512-fSNi+y+P9ss+EZuV0GcIIqPUK07DEaMRUtLJvdcvMyFjc9dizuDjere+A4V7JrLGnm9iCc+nagV/4QdMTkqC4A==",
      "requires": {
        "symbol-observable": "1.0.4"
      }
    },
    "symbol-observable": {
      "version": "1.0.4",
      "resolved": "https://registry.npmjs.org/symbol-observable/-/symbol-observable-1.0.4.tgz",
      "integrity": "sha1-Kb9hXUqnEhvdiYsi1LP5vE4qoD0="
    },
    "wu": {
      "version": "2.1.0",
      "resolved": "https://registry.npmjs.org/wu/-/wu-2.1.0.tgz",
      "integrity": "sha1-fnLj+6I+D/Zp3dU34chX09SxYU8="
    }
  }
}
